{
  "name": "@hpcc-js/tmp2",
  "version": "1.0.0",
  "lockfileVersion": 1,
  "requires": true,
  "dependencies": {
    "@hpcc-js/api": {
      "version": "0.4.13",
      "resolved": "https://registry.npmjs.org/@hpcc-js/api/-/api-0.4.13.tgz",
      "integrity": "sha512-4teXm8GtI/aYvLTGMM9fig+7xQODmGi0ba0vbMolCEMM3u8oiuouIsVKd4OXDtlBAvDOpA62catVhxRkq5/Q+A==",
      "requires": {
        "@hpcc-js/common": "0.9.0",
        "d3-color": "1.2.0",
        "d3-format": "1.3.0",
        "d3-tip": "github:GordonSmith/d3-tip#ab6bb995e06a9e9c27e10d9a70458264c5cf939f",
        "tslib": "1.9.0"
      }
    },
    "@hpcc-js/chart": {
      "version": "0.8.11",
      "resolved": "https://registry.npmjs.org/@hpcc-js/chart/-/chart-0.8.11.tgz",
      "integrity": "sha512-owZqA69/p3FB6DJjgkPnpVqAKtOxO9k0vRx6vmqcn50UB2uy+/v7Nam24/CRzZs2BhY/3w+fDqchq93wz75ndw==",
      "requires": {
        "@hpcc-js/api": "0.4.13",
        "@hpcc-js/common": "0.9.0",
        "@hpcc-js/util": "0.1.10",
        "d3-array": "1.2.1",
        "d3-axis": "1.0.8",
        "d3-brush": "1.0.4",
        "d3-cloud": "1.2.5",
        "d3-color": "1.2.0",
        "d3-contour": "1.1.2",
        "d3-format": "1.3.0",
        "d3-geo": "1.6.4",
        "d3-hexbin": "0.2.2",
        "d3-hierarchy": "1.1.4",
        "d3-hsv": "0.1.0",
        "d3-interpolate": "1.1.5",
        "d3-scale": "1.0.6",
        "d3-selection": "1.1.0",
        "d3-shape": "1.2.0",
        "d3-svg-annotation": "2.2.2",
        "d3-time-format": "2.1.0",
        "d3-transition": "1.1.0",
        "d3-zoom": "1.7.1",
        "d3v4-bullet": "1.0.6",
        "tslib": "1.9.0"
      }
    },
    "@hpcc-js/common": {
      "version": "0.9.0",
      "resolved": "https://registry.npmjs.org/@hpcc-js/common/-/common-0.9.0.tgz",
      "integrity": "sha512-C4GvbAXq3R5seHuqso2SgijI+Zolh+9hlMaeifp0z9CVJS4jvPxRLkDRw2+nEUaIka5W5A5wqxlL65R6Gc2TSw==",
      "requires": {
        "@hpcc-js/util": "0.1.10",
        "@types/d3-drag": "1.2.1",
        "@types/d3-selection": "1.3.1",
        "colorbrewer": "1.0.0",
        "d3-array": "1.2.1",
        "d3-brush": "1.0.4",
        "d3-collection": "1.0.4",
        "d3-color": "1.2.0",
        "d3-dispatch": "1.0.3",
        "d3-drag": "1.2.1",
        "d3-dsv": "1.0.8",
        "d3-format": "1.3.0",
        "d3-interpolate": "1.1.5",
        "d3-scale": "1.0.6",
        "d3-selection": "1.1.0",
        "d3-time-format": "2.1.0",
        "d3-transition": "1.1.0",
        "d3-zoom": "1.7.1",
        "font-awesome": "4.7.0",
        "tslib": "1.9.0"
      }
    },
    "@hpcc-js/ddl-shim": {
      "version": "0.2.10",
      "resolved": "https://registry.npmjs.org/@hpcc-js/ddl-shim/-/ddl-shim-0.2.10.tgz",
      "integrity": "sha512-B16VuDjQPiffEaZVEkeHnBa+ah4LsxMASKk9cN1HaFyB5urLCvB6G/uP1xZpo2B3WOnnd+St1tASVvFtrI9Y3w==",
      "requires": {
        "ajv": "6.5.2",
        "tslib": "1.9.0"
      }
    },
    "@hpcc-js/dgrid": {
      "version": "0.2.19",
      "resolved": "https://registry.npmjs.org/@hpcc-js/dgrid/-/dgrid-0.2.19.tgz",
      "integrity": "sha512-oy/HuuYddcXxH+mkAe7AVasjP8YyqbH3m/X9MyD/IPCHBm0M48bspolJSLJl+0pHonrdxkY/n0/iANzGpFZ8lA==",
      "requires": {
        "@hpcc-js/common": "0.9.0",
        "@hpcc-js/ddl-shim": "0.2.10",
        "@hpcc-js/dgrid-shim": "0.1.11",
        "@hpcc-js/util": "0.1.10",
        "d3-format": "1.3.0",
        "d3-selection": "1.1.0",
        "tslib": "1.9.0"
      }
    },
    "@hpcc-js/dgrid-shim": {
      "version": "0.1.11",
      "resolved": "https://registry.npmjs.org/@hpcc-js/dgrid-shim/-/dgrid-shim-0.1.11.tgz",
      "integrity": "sha512-oO4/z1SBeBIbFz9fNv7gsa/4OkttC80J7GT6jVEzKHOAW6z08ftXX8Rk/nz2u+04Smx9Qs/D6c8FKHD8+2aIDA==",
      "requires": {
        "dgrid": "1.2.1",
        "dijit": "1.13.0",
        "dojo": "1.13.0",
        "dojo-dstore": "1.1.2",
        "dojo-themes": "1.13.0",
        "dojo-util": "1.13.0",
        "dojox": "1.13.0",
        "tslib": "1.9.0"
      }
    },
    "@hpcc-js/form": {
      "version": "0.1.17",
      "resolved": "https://registry.npmjs.org/@hpcc-js/form/-/form-0.1.17.tgz",
      "integrity": "sha512-fOOluVR/3HVgki2IOD7rtqGImnnEyvjhPKZKhFtFgLr+tuopoJIdfShF/vu6cxm+5F0rSlhNyme6GjfTNOl+rA==",
      "requires": {
        "@hpcc-js/api": "0.4.13",
        "@hpcc-js/chart": "0.8.11",
        "@hpcc-js/common": "0.9.0",
        "d3-brush": "1.0.4",
        "d3-color": "1.2.0",
        "d3-drag": "1.2.1",
        "d3-scale": "1.0.6",
        "d3-selection": "1.1.0",
        "tslib": "1.9.0"
      }
    },
    "@hpcc-js/layout": {
      "version": "0.3.14",
      "resolved": "https://registry.npmjs.org/@hpcc-js/layout/-/layout-0.3.14.tgz",
      "integrity": "sha512-Sk1yLitc9tMuSSYisfxP7dbxqqNnwC8Nap4cWCmWUMR93ImJ6BNcXBOUn4Xowyegil6X5VWL5vcUEsdGjvJxQQ==",
      "requires": {
        "@hpcc-js/api": "0.4.13",
        "@hpcc-js/common": "0.9.0",
        "@hpcc-js/dgrid": "0.2.19",
        "d3-drag": "1.2.1",
        "d3-selection": "1.1.0",
        "d3-shape": "1.2.0",
        "d3-svg-legend": "2.25.4",
        "d3-transition": "1.1.0",
        "grid-list": "0.4.0",
        "tslib": "1.9.0"
      }
    },
    "@hpcc-js/other": {
      "version": "0.5.14",
      "resolved": "https://registry.npmjs.org/@hpcc-js/other/-/other-0.5.14.tgz",
      "integrity": "sha512-ST2xh6D10zBQlm3bFLtkbPIJi1ew48kCPZbDk45EOyuaDI0Ui5pWo9kycVdj4UHqPxGOddrKaOa7RPr5Yqq3Dw==",
      "requires": {
        "@hpcc-js/api": "0.4.13",
        "@hpcc-js/common": "0.9.0",
        "@hpcc-js/layout": "0.3.14",
        "d3-array": "1.2.1",
        "d3-collection": "1.0.4",
        "d3-format": "1.3.0",
        "d3-scale": "1.0.6",
        "d3-selection": "1.1.0",
        "d3-shape": "1.2.0",
        "d3-time": "1.0.6",
        "d3-time-format": "2.1.0",
        "d3-timer": "1.0.6",
        "d3-zoom": "1.7.1",
        "javascript-autocomplete": "1.0.3",
        "simpleheat": "0.4.0",
        "tslib": "1.9.0"
      },
      "dependencies": {
        "d3-time": {
          "version": "1.0.6",
          "resolved": "https://registry.npmjs.org/d3-time/-/d3-time-1.0.6.tgz",
          "integrity": "sha1-pVsT19FdOhYK6RcIIy4INfHV6UU="
        },
        "d3-timer": {
          "version": "1.0.6",
          "resolved": "https://registry.npmjs.org/d3-timer/-/d3-timer-1.0.6.tgz",
          "integrity": "sha1-QES/FdcCXAbOfRFJ9zzQe1Tb14Q="
        }
      }
    },
    "@hpcc-js/util": {
      "version": "0.1.10",
      "resolved": "https://registry.npmjs.org/@hpcc-js/util/-/util-0.1.10.tgz",
      "integrity": "sha512-6AQIq5U5kd/1UggYq0m7Wn4i0Da37NZvHcJmrklN5efb8TRZ0Y7HvbnL3BcEEqFSKkn4jjWdRo6tLp7bQ4AR9w==",
      "requires": {
        "es6-promise": "4.2.4",
        "tslib": "1.9.0"
      }
    },
    "@types/d3-drag": {
      "version": "1.2.1",
      "resolved": "https://registry.npmjs.org/@types/d3-drag/-/d3-drag-1.2.1.tgz",
      "integrity": "sha512-J9liJ4NNeV0oN40MzPiqwWjqNi3YHCRtHNfNMZ1d3uL9yh1+vDuo346LBEr8yyBm30WHvrHssAkExVZrGCswtA==",
      "requires": {
        "@types/d3-selection": "1.3.1"
      }
    },
    "@types/d3-selection": {
      "version": "1.3.1",
      "resolved": "https://registry.npmjs.org/@types/d3-selection/-/d3-selection-1.3.1.tgz",
      "integrity": "sha512-G+eO+2G1iW3GNrROxhoU+ar+bIJbQq1QkxcfhwjQ19xA20n3T31j5pSJqAOWvPSoFTz4Ets/DQgYhmgT4jepDg=="
    },
    "@types/estree": {
      "version": "0.0.39",
      "resolved": "https://registry.npmjs.org/@types/estree/-/estree-0.0.39.tgz",
      "integrity": "sha512-EYNwp3bU+98cpU4lAWYYL7Zz+2gryWH1qbdDTidVd6hkiR6weksdbMadyXKXNPEkQFhXM+hVO9ZygomHXp+AIw==",
      "dev": true
    },
    "@types/node": {
      "version": "10.5.7",
      "resolved": "https://registry.npmjs.org/@types/node/-/node-10.5.7.tgz",
      "integrity": "sha512-VkKcfuitP+Nc/TaTFH0B8qNmn+6NbI6crLkQonbedViVz7O2w8QV/GERPlkJ4bg42VGHiEWa31CoTOPs1q6z1w==",
      "dev": true
    },
    "ajv": {
      "version": "6.5.2",
      "resolved": "https://registry.npmjs.org/ajv/-/ajv-6.5.2.tgz",
      "integrity": "sha512-hOs7GfvI6tUI1LfZddH82ky6mOMyTuY0mk7kE2pWpmhhUSkumzaTO5vbVwij39MdwPQWCV4Zv57Eo06NtL/GVA==",
      "requires": {
        "fast-deep-equal": "2.0.1",
        "fast-json-stable-stringify": "2.0.0",
        "json-schema-traverse": "0.4.1",
        "uri-js": "4.2.2"
      }
    },
    "arr-diff": {
      "version": "2.0.0",
      "resolved": "https://registry.npmjs.org/arr-diff/-/arr-diff-2.0.0.tgz",
      "integrity": "sha1-jzuCf5Vai9ZpaX5KQlasPOrjVs8=",
      "dev": true,
      "requires": {
        "arr-flatten": "1.1.0"
      }
    },
    "arr-flatten": {
      "version": "1.1.0",
      "resolved": "https://registry.npmjs.org/arr-flatten/-/arr-flatten-1.1.0.tgz",
      "integrity": "sha512-L3hKV5R/p5o81R7O02IGnwpDmkp6E982XhtbuwSe3O4qOtMMMtodicASA1Cny2U+aCXcNpml+m4dPsvsJ3jatg==",
      "dev": true
    },
    "array-unique": {
      "version": "0.2.1",
      "resolved": "https://registry.npmjs.org/array-unique/-/array-unique-0.2.1.tgz",
      "integrity": "sha1-odl8yvy8JiXMcPrc6zalDFiwGlM=",
      "dev": true
    },
    "braces": {
      "version": "1.8.5",
      "resolved": "https://registry.npmjs.org/braces/-/braces-1.8.5.tgz",
      "integrity": "sha1-uneWLhLf+WnWt2cR6RS3N4V79qc=",
      "dev": true,
      "requires": {
        "expand-range": "1.8.2",
        "preserve": "0.2.0",
        "repeat-element": "1.1.2"
      }
    },
    "builtin-modules": {
      "version": "2.0.0",
      "resolved": "https://registry.npmjs.org/builtin-modules/-/builtin-modules-2.0.0.tgz",
      "integrity": "sha512-3U5kUA5VPsRUA3nofm/BXX7GVHKfxz0hOBAPxXrIvHzlDRkQVqEn6yi8QJegxl4LzOHLdvb7XF5dVawa/VVYBg==",
      "dev": true
    },
    "colorbrewer": {
      "version": "1.0.0",
      "resolved": "https://registry.npmjs.org/colorbrewer/-/colorbrewer-1.0.0.tgz",
      "integrity": "sha1-T5czO5abp2Ejgr5LwzlLNB+0yKI="
    },
    "commander": {
      "version": "2.17.0",
      "resolved": "https://registry.npmjs.org/commander/-/commander-2.17.0.tgz",
      "integrity": "sha512-477o1hdVORiFlZxw8wgsXYCef3lh0zl/OV0FTftqiDxJSWw6dPQ2ipS4k20J2qBcsmsmLKSyr2iFrf9e3JGi4w=="
    },
    "d3-array": {
      "version": "1.2.1",
      "resolved": "https://registry.npmjs.org/d3-array/-/d3-array-1.2.1.tgz",
      "integrity": "sha512-CyINJQ0SOUHojDdFDH4JEM0552vCR1utGyLHegJHyYH0JyCpSeTPxi4OBqHMA2jJZq4NH782LtaJWBImqI/HBw=="
    },
    "d3-axis": {
      "version": "1.0.8",
      "resolved": "https://registry.npmjs.org/d3-axis/-/d3-axis-1.0.8.tgz",
      "integrity": "sha1-MacFoLU15ldZ3hQXOjGTMTfxjvo="
    },
    "d3-brush": {
      "version": "1.0.4",
      "resolved": "https://registry.npmjs.org/d3-brush/-/d3-brush-1.0.4.tgz",
      "integrity": "sha1-AMLyOAGfJPbAoZSibUGhUw/+e8Q=",
      "requires": {
        "d3-dispatch": "1.0.3",
        "d3-drag": "1.2.1",
        "d3-interpolate": "1.1.5",
        "d3-selection": "1.1.0",
        "d3-transition": "1.1.0"
      }
    },
    "d3-cloud": {
      "version": "1.2.5",
      "resolved": "https://registry.npmjs.org/d3-cloud/-/d3-cloud-1.2.5.tgz",
      "integrity": "sha512-4s2hXZgvs0CoUIw31oBAGrHt9Kt/7P9Ik5HIVzISFiWkD0Ga2VLAuO/emO/z1tYIpE7KG2smB4PhMPfFMJpahw==",
      "requires": {
        "d3-dispatch": "1.0.3"
      }
    },
    "d3-collection": {
      "version": "1.0.4",
      "resolved": "https://registry.npmjs.org/d3-collection/-/d3-collection-1.0.4.tgz",
      "integrity": "sha1-NC39EoN8kJdPM/HMCnha6lcNzcI="
    },
    "d3-color": {
      "version": "1.2.0",
      "resolved": "https://registry.npmjs.org/d3-color/-/d3-color-1.2.0.tgz",
      "integrity": "sha512-dmL9Zr/v39aSSMnLOTd58in2RbregCg4UtGyUArvEKTTN6S3HKEy+ziBWVYo9PTzRyVW+pUBHUtRKz0HYX+SQg=="
    },
    "d3-contour": {
      "version": "1.1.2",
      "resolved": "https://registry.npmjs.org/d3-contour/-/d3-contour-1.1.2.tgz",
      "integrity": "sha512-po2Gxab58NQMAaVLj1ruASkmHlB8JebFFhm2cDVs2JFjTv9AYZpRQEWMycLoP7JH530dBDl90HI30g5EnpTJfA==",
      "requires": {
        "d3-array": "1.2.1"
      }
    },
    "d3-dispatch": {
      "version": "1.0.3",
      "resolved": "https://registry.npmjs.org/d3-dispatch/-/d3-dispatch-1.0.3.tgz",
      "integrity": "sha1-RuFJHqqbWMNY/OW+TovtYm54cfg="
    },
    "d3-drag": {
      "version": "1.2.1",
      "resolved": "https://registry.npmjs.org/d3-drag/-/d3-drag-1.2.1.tgz",
      "integrity": "sha512-Cg8/K2rTtzxzrb0fmnYOUeZHvwa4PHzwXOLZZPwtEs2SKLLKLXeYwZKBB+DlOxUvFmarOnmt//cU4+3US2lyyQ==",
      "requires": {
        "d3-dispatch": "1.0.3",
        "d3-selection": "1.1.0"
      }
    },
    "d3-dsv": {
      "version": "1.0.8",
      "resolved": "https://registry.npmjs.org/d3-dsv/-/d3-dsv-1.0.8.tgz",
      "integrity": "sha512-IVCJpQ+YGe3qu6odkPQI0KPqfxkhbP/oM1XhhE/DFiYmcXKfCRub4KXyiuehV1d4drjWVXHUWx4gHqhdZb6n/A==",
      "requires": {
        "commander": "2.17.0",
        "iconv-lite": "0.4.23",
        "rw": "1.3.3"
      }
    },
    "d3-ease": {
      "version": "1.0.3",
      "resolved": "https://registry.npmjs.org/d3-ease/-/d3-ease-1.0.3.tgz",
      "integrity": "sha1-aL+8NJM4o4DETYrMT7wzBKotjA4="
    },
    "d3-format": {
      "version": "1.3.0",
      "resolved": "https://registry.npmjs.org/d3-format/-/d3-format-1.3.0.tgz",
      "integrity": "sha512-ycfLEIzHVZC3rOvuBOKVyQXSiUyCDjeAPIj9n/wugrr+s5AcTQC2Bz6aKkubG7rQaQF0SGW/OV4UEJB9nfioFg=="
    },
    "d3-geo": {
      "version": "1.6.4",
      "resolved": "https://registry.npmjs.org/d3-geo/-/d3-geo-1.6.4.tgz",
      "integrity": "sha1-8g4eRhyxhF9ai+Vatvh2VCp+MZk=",
      "requires": {
        "d3-array": "1.2.1"
      }
    },
    "d3-hexbin": {
      "version": "0.2.2",
      "resolved": "https://registry.npmjs.org/d3-hexbin/-/d3-hexbin-0.2.2.tgz",
      "integrity": "sha1-nFg32s/UcasFM3qeke8Qv8T5iDE="
    },
    "d3-hierarchy": {
      "version": "1.1.4",
      "resolved": "https://registry.npmjs.org/d3-hierarchy/-/d3-hierarchy-1.1.4.tgz",
      "integrity": "sha1-lsOULz8hz5l6EbTt8A3eKne0xtA="
    },
    "d3-hsv": {
      "version": "0.1.0",
      "resolved": "https://registry.npmjs.org/d3-hsv/-/d3-hsv-0.1.0.tgz",
      "integrity": "sha1-yVvomzQXeinnCghI25XX8CYeqZs=",
      "requires": {
        "d3-color": "1.2.0"
      }
    },
    "d3-interpolate": {
      "version": "1.1.5",
      "resolved": "https://registry.npmjs.org/d3-interpolate/-/d3-interpolate-1.1.5.tgz",
      "integrity": "sha1-aeCZ/zkhRxblY8muw+qdHqS4p58=",
      "requires": {
        "d3-color": "1.2.0"
      }
    },
    "d3-path": {
      "version": "1.0.5",
      "resolved": "https://registry.npmjs.org/d3-path/-/d3-path-1.0.5.tgz",
      "integrity": "sha1-JB6xhJvZ6egCHA0KeZ+KDo5EF2Q="
    },
    "d3-scale": {
      "version": "1.0.6",
      "resolved": "https://registry.npmjs.org/d3-scale/-/d3-scale-1.0.6.tgz",
      "integrity": "sha1-vOGdqA06DPQiyVQ64zIghiILNO0=",
      "requires": {
        "d3-array": "1.2.1",
        "d3-collection": "1.0.4",
        "d3-color": "1.2.0",
        "d3-format": "1.3.0",
        "d3-interpolate": "1.1.5",
        "d3-time": "1.0.8",
        "d3-time-format": "2.1.0"
      }
    },
    "d3-selection": {
      "version": "1.1.0",
      "resolved": "https://registry.npmjs.org/d3-selection/-/d3-selection-1.1.0.tgz",
      "integrity": "sha1-GZhoSJZIj4OcoDchI9o08dMYgJw="
    },
    "d3-shape": {
      "version": "1.2.0",
      "resolved": "https://registry.npmjs.org/d3-shape/-/d3-shape-1.2.0.tgz",
      "integrity": "sha1-RdAVOPBkuv0F6j1tLLdI/YxB93c=",
      "requires": {
        "d3-path": "1.0.5"
      }
    },
    "d3-svg-annotation": {
      "version": "2.2.2",
      "resolved": "https://registry.npmjs.org/d3-svg-annotation/-/d3-svg-annotation-2.2.2.tgz",
      "integrity": "sha1-saJIF7jhAE1fW7oD2TjRjkQBPDI=",
      "requires": {
        "d3-dispatch": "1.0.2",
        "d3-drag": "1.0.2",
        "d3-selection": "1.0.2",
        "d3-shape": "1.0.4",
        "d3-transition": "1.0.3",
        "marked": "0.3.9"
      },
      "dependencies": {
        "d3-dispatch": {
          "version": "1.0.2",
          "resolved": "https://registry.npmjs.org/d3-dispatch/-/d3-dispatch-1.0.2.tgz",
          "integrity": "sha1-W1EeeaRqH4lJKEHAqPZWaH1dqgo="
        },
        "d3-drag": {
          "version": "1.0.2",
          "resolved": "https://registry.npmjs.org/d3-drag/-/d3-drag-1.0.2.tgz",
          "integrity": "sha1-1jTMP3aJ+Z3QP9frGvKUXA9DOa0=",
          "requires": {
            "d3-dispatch": "1.0.2",
            "d3-selection": "1.0.2"
          }
        },
        "d3-selection": {
          "version": "1.0.2",
          "resolved": "https://registry.npmjs.org/d3-selection/-/d3-selection-1.0.2.tgz",
          "integrity": "sha1-rmYq/UcCrJxdoDmyEHoXZPockHA="
        },
        "d3-shape": {
          "version": "1.0.4",
          "resolved": "https://registry.npmjs.org/d3-shape/-/d3-shape-1.0.4.tgz",
          "integrity": "sha1-FF7hAMy+xC+OPxmWzQXHhvef4cY=",
          "requires": {
            "d3-path": "1.0.5"
          }
        },
        "d3-transition": {
          "version": "1.0.3",
          "resolved": "https://registry.npmjs.org/d3-transition/-/d3-transition-1.0.3.tgz",
          "integrity": "sha1-kdyYa92zCXNjkyCoXbcs5KsaJ7s=",
          "requires": {
            "d3-color": "1.2.0",
            "d3-dispatch": "1.0.2",
            "d3-ease": "1.0.3",
            "d3-interpolate": "1.1.5",
            "d3-selection": "1.0.2",
            "d3-timer": "1.0.7"
          }
        }
      }
    },
    "d3-svg-legend": {
      "version": "2.25.4",
      "resolved": "https://registry.npmjs.org/d3-svg-legend/-/d3-svg-legend-2.25.4.tgz",
      "integrity": "sha1-AW53djByHI26y97KIRAYKK1787Y=",
      "requires": {
        "@types/d3-selection": "1.0.10",
        "d3-array": "1.0.1",
        "d3-dispatch": "1.0.1",
        "d3-format": "1.0.2",
        "d3-scale": "1.0.3",
        "d3-selection": "1.0.2",
        "d3-transition": "1.0.3"
      },
      "dependencies": {
        "@types/d3-selection": {
          "version": "1.0.10",
          "resolved": "https://registry.npmjs.org/@types/d3-selection/-/d3-selection-1.0.10.tgz",
          "integrity": "sha1-3PsN3837GtJq6kNRMjdx4a6pboQ="
        },
        "d3-array": {
          "version": "1.0.1",
          "resolved": "https://registry.npmjs.org/d3-array/-/d3-array-1.0.1.tgz",
          "integrity": "sha1-N1wCh0/NlsFu2fG89bSnvlPzWOc="
        },
        "d3-dispatch": {
          "version": "1.0.1",
          "resolved": "https://registry.npmjs.org/d3-dispatch/-/d3-dispatch-1.0.1.tgz",
          "integrity": "sha1-S9ZaQ87P9DGN653yRVKqi/KBqEA="
        },
        "d3-format": {
          "version": "1.0.2",
          "resolved": "https://registry.npmjs.org/d3-format/-/d3-format-1.0.2.tgz",
          "integrity": "sha1-E4YYMgtLvrQ7XA/zBRkHn7vXN14="
        },
        "d3-scale": {
          "version": "1.0.3",
          "resolved": "https://registry.npmjs.org/d3-scale/-/d3-scale-1.0.3.tgz",
          "integrity": "sha1-T56PDMLqDzkl/wSsJ63AkEX6TJA=",
          "requires": {
            "d3-array": "1.0.1",
            "d3-collection": "1.0.4",
            "d3-color": "1.2.0",
            "d3-format": "1.0.2",
            "d3-interpolate": "1.1.5",
            "d3-time": "1.0.8",
            "d3-time-format": "2.1.0"
          }
        },
        "d3-selection": {
          "version": "1.0.2",
          "resolved": "https://registry.npmjs.org/d3-selection/-/d3-selection-1.0.2.tgz",
          "integrity": "sha1-rmYq/UcCrJxdoDmyEHoXZPockHA="
        },
        "d3-transition": {
          "version": "1.0.3",
          "resolved": "https://registry.npmjs.org/d3-transition/-/d3-transition-1.0.3.tgz",
          "integrity": "sha1-kdyYa92zCXNjkyCoXbcs5KsaJ7s=",
          "requires": {
            "d3-color": "1.2.0",
            "d3-dispatch": "1.0.1",
            "d3-ease": "1.0.3",
            "d3-interpolate": "1.1.5",
            "d3-selection": "1.0.2",
            "d3-timer": "1.0.7"
          }
        }
      }
    },
    "d3-time": {
      "version": "1.0.8",
      "resolved": "https://registry.npmjs.org/d3-time/-/d3-time-1.0.8.tgz",
      "integrity": "sha512-YRZkNhphZh3KcnBfitvF3c6E0JOFGikHZ4YqD+Lzv83ZHn1/u6yGenRU1m+KAk9J1GnZMnKcrtfvSktlA1DXNQ=="
    },
    "d3-time-format": {
      "version": "2.1.0",
      "resolved": "https://registry.npmjs.org/d3-time-format/-/d3-time-format-2.1.0.tgz",
      "integrity": "sha512-mqTsfDTylgwE3YE/VNs9oB2OGX274fO0B5j1irbgLQI+X3FPoJg25pesNxrcdZ2nBeRx/6sHDJlDyMIjWL0BGQ==",
      "requires": {
        "d3-time": "1.0.8"
      }
    },
    "d3-timer": {
      "version": "1.0.7",
      "resolved": "https://registry.npmjs.org/d3-timer/-/d3-timer-1.0.7.tgz",
      "integrity": "sha512-vMZXR88XujmG/L5oB96NNKH5lCWwiLM/S2HyyAQLcjWJCloK5shxta4CwOFYLZoY3AWX73v8Lgv4cCAdWtRmOA=="
    },
    "d3-tip": {
      "version": "github:GordonSmith/d3-tip#ab6bb995e06a9e9c27e10d9a70458264c5cf939f",
      "requires": {
        "d3-collection": "1.0.4",
        "d3-selection": "1.1.0"
      }
    },
    "d3-transition": {
      "version": "1.1.0",
      "resolved": "https://registry.npmjs.org/d3-transition/-/d3-transition-1.1.0.tgz",
      "integrity": "sha1-z8hcdOUjkyQpBUZiNXKZBWDDlm8=",
      "requires": {
        "d3-color": "1.2.0",
        "d3-dispatch": "1.0.3",
        "d3-ease": "1.0.3",
        "d3-interpolate": "1.1.5",
        "d3-selection": "1.1.0",
        "d3-timer": "1.0.7"
      }
    },
    "d3-zoom": {
      "version": "1.7.1",
      "resolved": "https://registry.npmjs.org/d3-zoom/-/d3-zoom-1.7.1.tgz",
      "integrity": "sha512-sZHQ55DGq5BZBFGnRshUT8tm2sfhPHFnOlmPbbwTkAoPeVdRTkB4Xsf9GCY0TSHrTD8PeJPZGmP/TpGicwJDJQ==",
      "requires": {
        "d3-dispatch": "1.0.3",
        "d3-drag": "1.2.1",
        "d3-interpolate": "1.1.5",
        "d3-selection": "1.1.0",
        "d3-transition": "1.1.0"
      }
    },
    "d3v4-bullet": {
      "version": "1.0.6",
      "resolved": "https://registry.npmjs.org/d3v4-bullet/-/d3v4-bullet-1.0.6.tgz",
      "integrity": "sha512-TPvZ58+aBUVMki8rzBh3gRS0lMSmLb53eMbQAjh/V48M/F3qsuCWpcOgQrhUqpL9iWq1vPSVs4AlviZat1mJ9A==",
      "requires": {
        "d3-array": "1.2.1",
        "d3-axis": "1.0.8",
        "d3-scale": "1.0.6",
        "d3-selection": "1.1.0",
        "d3-timer": "1.0.7",
        "d3-transition": "1.1.0"
      }
    },
    "dgrid": {
      "version": "1.2.1",
      "resolved": "https://registry.npmjs.org/dgrid/-/dgrid-1.2.1.tgz",
      "integrity": "sha1-11V5kId3sczPmWCQyHs1dePHNyQ="
    },
    "dijit": {
      "version": "1.13.0",
      "resolved": "https://registry.npmjs.org/dijit/-/dijit-1.13.0.tgz",
      "integrity": "sha512-trzi45atc86S37/AtgcUC4akByxpqeKfoOftXlgrTSoM136tjcgLbWUYGjFkP3hk2APTDrYOCSa8xTjhp3YPpw==",
      "requires": {
        "dojo": "1.13.0"
      }
    },
    "dojo": {
      "version": "1.13.0",
      "resolved": "https://registry.npmjs.org/dojo/-/dojo-1.13.0.tgz",
      "integrity": "sha512-mGoGvsXAbPkUrBnxCoO7m6CFH8jvWq7rAL7fP7jrhJEOyswA/bZwWdXwEH0ovs68t8S0+xOpV/3V7addYbaiAA=="
    },
    "dojo-dstore": {
      "version": "1.1.2",
      "resolved": "https://registry.npmjs.org/dojo-dstore/-/dojo-dstore-1.1.2.tgz",
      "integrity": "sha1-zuNpmfP4B9HP/P32FX2w8rI3zeQ=",
      "requires": {
        "dojo": "1.13.0"
      }
    },
    "dojo-themes": {
      "version": "1.13.0",
      "resolved": "https://registry.npmjs.org/dojo-themes/-/dojo-themes-1.13.0.tgz",
      "integrity": "sha512-DiAiBXxAlWw6lI45uI4LEfcHaxgL/CdkyzmIbmPn4KUuj0nBqnmDb3dKgmSgq4ppJBnxVzUnRDCPF7o9jIa/ag=="
    },
    "dojo-util": {
      "version": "1.13.0",
      "resolved": "https://registry.npmjs.org/dojo-util/-/dojo-util-1.13.0.tgz",
      "integrity": "sha512-c5Vsd1T8bydfWSyLcgQK+l7k/Ln47B56P5xwxgi9htUIMckK2Ti9F8tAZjBhKhKvtvm77H4KqiuFTT6FXAnRKA=="
    },
    "dojox": {
      "version": "1.13.0",
      "resolved": "https://registry.npmjs.org/dojox/-/dojox-1.13.0.tgz",
      "integrity": "sha512-mbQv39n3x7DvpZMWsTtCo7hYQzM8O/s+ylgi5zxgRhQOhQPY7V+LV2gF6z4rNk75Sw7Ssrk/PyILtJo8ZHccGw==",
      "requires": {
        "dijit": "1.13.0",
        "dojo": "1.13.0"
      }
    },
    "es6-promise": {
      "version": "4.2.4",
      "resolved": "https://registry.npmjs.org/es6-promise/-/es6-promise-4.2.4.tgz",
      "integrity": "sha512-/NdNZVJg+uZgtm9eS3O6lrOLYmQag2DjdEXuPaHlZ6RuVqgqaVZfgYCepEIKsLqwdQArOPtC3XzRLqGGfT8KQQ=="
    },
    "estree-walker": {
      "version": "0.5.2",
      "resolved": "https://registry.npmjs.org/estree-walker/-/estree-walker-0.5.2.tgz",
      "integrity": "sha512-XpCnW/AE10ws/kDAs37cngSkvgIR8aN3G0MS85m7dUpuK2EREo9VJ00uvw6Dg/hXEpfsE1I1TvJOJr+Z+TL+ig==",
      "dev": true
    },
    "expand-brackets": {
      "version": "0.1.5",
      "resolved": "https://registry.npmjs.org/expand-brackets/-/expand-brackets-0.1.5.tgz",
      "integrity": "sha1-3wcoTjQqgHzXM6xa9yQR5YHRF3s=",
      "dev": true,
      "requires": {
        "is-posix-bracket": "0.1.1"
      }
    },
    "expand-range": {
      "version": "1.8.2",
      "resolved": "https://registry.npmjs.org/expand-range/-/expand-range-1.8.2.tgz",
      "integrity": "sha1-opnv/TNf4nIeuujiV+x5ZE/IUzc=",
      "dev": true,
      "requires": {
        "fill-range": "2.2.4"
      }
    },
    "extglob": {
      "version": "0.3.2",
      "resolved": "https://registry.npmjs.org/extglob/-/extglob-0.3.2.tgz",
      "integrity": "sha1-Lhj/PS9JqydlzskCPwEdqo2DSaE=",
      "dev": true,
      "requires": {
        "is-extglob": "1.0.0"
      }
    },
    "fast-deep-equal": {
      "version": "2.0.1",
      "resolved": "https://registry.npmjs.org/fast-deep-equal/-/fast-deep-equal-2.0.1.tgz",
      "integrity": "sha1-ewUhjd+WZ79/Nwv3/bLLFf3Qqkk="
    },
    "fast-json-stable-stringify": {
      "version": "2.0.0",
      "resolved": "https://registry.npmjs.org/fast-json-stable-stringify/-/fast-json-stable-stringify-2.0.0.tgz",
      "integrity": "sha1-1RQsDK7msRifh9OnYREGT4bIu/I="
    },
    "filename-regex": {
      "version": "2.0.1",
      "resolved": "https://registry.npmjs.org/filename-regex/-/filename-regex-2.0.1.tgz",
      "integrity": "sha1-wcS5vuPglyXdsQa3XB4wH+LxiyY=",
      "dev": true
    },
    "fill-range": {
      "version": "2.2.4",
      "resolved": "https://registry.npmjs.org/fill-range/-/fill-range-2.2.4.tgz",
      "integrity": "sha512-cnrcCbj01+j2gTG921VZPnHbjmdAf8oQV/iGeV2kZxGSyfYjjTyY79ErsK1WJWMpw6DaApEX72binqJE+/d+5Q==",
      "dev": true,
      "requires": {
        "is-number": "2.1.0",
        "isobject": "2.1.0",
        "randomatic": "3.0.0",
        "repeat-element": "1.1.2",
        "repeat-string": "1.6.1"
      }
    },
    "font-awesome": {
      "version": "4.7.0",
      "resolved": "https://registry.npmjs.org/font-awesome/-/font-awesome-4.7.0.tgz",
      "integrity": "sha1-j6jPBBGhoxr9B7BtKQK7n8gVoTM="
    },
    "for-in": {
      "version": "1.0.2",
      "resolved": "https://registry.npmjs.org/for-in/-/for-in-1.0.2.tgz",
      "integrity": "sha1-gQaNKVqBQuwKxybG4iAMMPttXoA=",
      "dev": true
    },
    "for-own": {
      "version": "0.1.5",
      "resolved": "https://registry.npmjs.org/for-own/-/for-own-0.1.5.tgz",
      "integrity": "sha1-UmXGgaTylNq78XyVCbZ2OqhFEM4=",
      "dev": true,
      "requires": {
        "for-in": "1.0.2"
      }
    },
    "glob-base": {
      "version": "0.3.0",
      "resolved": "https://registry.npmjs.org/glob-base/-/glob-base-0.3.0.tgz",
      "integrity": "sha1-27Fk9iIbHAscz4Kuoyi0l98Oo8Q=",
      "dev": true,
      "requires": {
        "glob-parent": "2.0.0",
        "is-glob": "2.0.1"
      }
    },
    "glob-parent": {
      "version": "2.0.0",
      "resolved": "https://registry.npmjs.org/glob-parent/-/glob-parent-2.0.0.tgz",
      "integrity": "sha1-gTg9ctsFT8zPUzbaqQLxgvbtuyg=",
      "dev": true,
      "requires": {
        "is-glob": "2.0.1"
      }
    },
    "grid-list": {
      "version": "0.4.0",
      "resolved": "https://registry.npmjs.org/grid-list/-/grid-list-0.4.0.tgz",
      "integrity": "sha1-NbdMEKkz6Ndah1aHTShNOaB4msE="
    },
    "iconv-lite": {
      "version": "0.4.23",
      "resolved": "https://registry.npmjs.org/iconv-lite/-/iconv-lite-0.4.23.tgz",
      "integrity": "sha512-neyTUVFtahjf0mB3dZT77u+8O0QB89jFdnBkd5P1JgYPbPaia3gXXOVL2fq8VyU2gMMD7SaN7QukTB/pmXYvDA==",
      "requires": {
        "safer-buffer": "2.1.2"
      }
    },
    "is-buffer": {
      "version": "1.1.6",
      "resolved": "https://registry.npmjs.org/is-buffer/-/is-buffer-1.1.6.tgz",
      "integrity": "sha512-NcdALwpXkTm5Zvvbk7owOUSvVvBKDgKP5/ewfXEznmQFfs4ZRmanOeKBTjRVjka3QFoN6XJ+9F3USqfHqTaU5w==",
      "dev": true
    },
    "is-dotfile": {
      "version": "1.0.3",
      "resolved": "https://registry.npmjs.org/is-dotfile/-/is-dotfile-1.0.3.tgz",
      "integrity": "sha1-pqLzL/0t+wT1yiXs0Pa4PPeYoeE=",
      "dev": true
    },
    "is-equal-shallow": {
      "version": "0.1.3",
      "resolved": "https://registry.npmjs.org/is-equal-shallow/-/is-equal-shallow-0.1.3.tgz",
      "integrity": "sha1-IjgJj8Ih3gvPpdnqxMRdY4qhxTQ=",
      "dev": true,
      "requires": {
        "is-primitive": "2.0.0"
      }
    },
    "is-extendable": {
      "version": "0.1.1",
      "resolved": "https://registry.npmjs.org/is-extendable/-/is-extendable-0.1.1.tgz",
      "integrity": "sha1-YrEQ4omkcUGOPsNqYX1HLjAd/Ik=",
      "dev": true
    },
    "is-extglob": {
      "version": "1.0.0",
      "resolved": "https://registry.npmjs.org/is-extglob/-/is-extglob-1.0.0.tgz",
      "integrity": "sha1-rEaBd8SUNAWgkvyPKXYMb/xiBsA=",
      "dev": true
    },
    "is-glob": {
      "version": "2.0.1",
      "resolved": "https://registry.npmjs.org/is-glob/-/is-glob-2.0.1.tgz",
      "integrity": "sha1-0Jb5JqPe1WAPP9/ZEZjLCIjC2GM=",
      "dev": true,
      "requires": {
        "is-extglob": "1.0.0"
      }
    },
    "is-module": {
      "version": "1.0.0",
      "resolved": "https://registry.npmjs.org/is-module/-/is-module-1.0.0.tgz",
      "integrity": "sha1-Mlj7afeMFNW4FdZkM2tM/7ZEFZE=",
      "dev": true
    },
    "is-number": {
      "version": "2.1.0",
      "resolved": "https://registry.npmjs.org/is-number/-/is-number-2.1.0.tgz",
      "integrity": "sha1-Afy7s5NGOlSPL0ZszhbezknbkI8=",
      "dev": true,
      "requires": {
        "kind-of": "3.2.2"
      }
    },
    "is-posix-bracket": {
      "version": "0.1.1",
      "resolved": "https://registry.npmjs.org/is-posix-bracket/-/is-posix-bracket-0.1.1.tgz",
      "integrity": "sha1-MzTceXdDaOkvAW5vvAqI9c1ua8Q=",
      "dev": true
    },
    "is-primitive": {
      "version": "2.0.0",
      "resolved": "https://registry.npmjs.org/is-primitive/-/is-primitive-2.0.0.tgz",
      "integrity": "sha1-IHurkWOEmcB7Kt8kCkGochADRXU=",
      "dev": true
    },
    "isarray": {
      "version": "1.0.0",
      "resolved": "https://registry.npmjs.org/isarray/-/isarray-1.0.0.tgz",
      "integrity": "sha1-u5NdSFgsuhaMBoNJV6VKPgcSTxE=",
      "dev": true
    },
    "isobject": {
      "version": "2.1.0",
      "resolved": "https://registry.npmjs.org/isobject/-/isobject-2.1.0.tgz",
      "integrity": "sha1-8GVWEJaj8dou9GJy+BXIQNh+DIk=",
      "dev": true,
      "requires": {
        "isarray": "1.0.0"
      }
    },
    "javascript-autocomplete": {
      "version": "1.0.3",
      "resolved": "https://registry.npmjs.org/javascript-autocomplete/-/javascript-autocomplete-1.0.3.tgz",
      "integrity": "sha1-Z/FRx8XNrE429KLwqq0TCPRo2Nw="
    },
    "json-schema-traverse": {
      "version": "0.4.1",
      "resolved": "https://registry.npmjs.org/json-schema-traverse/-/json-schema-traverse-0.4.1.tgz",
      "integrity": "sha512-xbbCH5dCYU5T8LcEhhuh7HJ88HXuW3qsI3Y0zOZFKfZEHcpWiHU/Jxzk629Brsab/mMiHQti9wMP+845RPe3Vg=="
    },
    "kind-of": {
      "version": "3.2.2",
      "resolved": "https://registry.npmjs.org/kind-of/-/kind-of-3.2.2.tgz",
      "integrity": "sha1-MeohpzS6ubuw8yRm2JOupR5KPGQ=",
      "dev": true,
      "requires": {
        "is-buffer": "1.1.6"
      }
    },
    "magic-string": {
      "version": "0.22.5",
      "resolved": "https://registry.npmjs.org/magic-string/-/magic-string-0.22.5.tgz",
      "integrity": "sha512-oreip9rJZkzvA8Qzk9HFs8fZGF/u7H/gtrE8EN6RjKJ9kh2HlC+yQ2QezifqTZfGyiuAV0dRv5a+y/8gBb1m9w==",
      "dev": true,
      "requires": {
        "vlq": "0.2.3"
      }
    },
    "marked": {
      "version": "0.3.9",
      "resolved": "https://registry.npmjs.org/marked/-/marked-0.3.9.tgz",
      "integrity": "sha512-nW5u0dxpXxHfkHzzrveY45gCbi+R4PaO4WRZYqZNl+vB0hVGeqlFn0aOg1c8AKL63TrNFn9Bm2UP4AdiZ9TPLw=="
    },
    "math-random": {
      "version": "1.0.1",
      "resolved": "https://registry.npmjs.org/math-random/-/math-random-1.0.1.tgz",
      "integrity": "sha1-izqsWIuKZuSXXjzepn97sylgH6w=",
      "dev": true
    },
    "micromatch": {
      "version": "2.3.11",
      "resolved": "https://registry.npmjs.org/micromatch/-/micromatch-2.3.11.tgz",
      "integrity": "sha1-hmd8l9FyCzY0MdBNDRUpO9OMFWU=",
      "dev": true,
      "requires": {
        "arr-diff": "2.0.0",
        "array-unique": "0.2.1",
        "braces": "1.8.5",
        "expand-brackets": "0.1.5",
        "extglob": "0.3.2",
        "filename-regex": "2.0.1",
        "is-extglob": "1.0.0",
        "is-glob": "2.0.1",
        "kind-of": "3.2.2",
        "normalize-path": "2.1.1",
        "object.omit": "2.0.1",
        "parse-glob": "3.0.4",
        "regex-cache": "0.4.4"
      }
    },
    "normalize-path": {
      "version": "2.1.1",
      "resolved": "https://registry.npmjs.org/normalize-path/-/normalize-path-2.1.1.tgz",
      "integrity": "sha1-GrKLVW4Zg2Oowab35vogE3/mrtk=",
      "dev": true,
      "requires": {
        "remove-trailing-separator": "1.1.0"
      }
    },
    "object.omit": {
      "version": "2.0.1",
      "resolved": "https://registry.npmjs.org/object.omit/-/object.omit-2.0.1.tgz",
      "integrity": "sha1-Gpx0SCnznbuFjHbKNXmuKlTr0fo=",
      "dev": true,
      "requires": {
        "for-own": "0.1.5",
        "is-extendable": "0.1.1"
      }
    },
    "parse-glob": {
      "version": "3.0.4",
      "resolved": "https://registry.npmjs.org/parse-glob/-/parse-glob-3.0.4.tgz",
      "integrity": "sha1-ssN2z7EfNVE7rdFz7wu246OIORw=",
      "dev": true,
      "requires": {
        "glob-base": "0.3.0",
        "is-dotfile": "1.0.3",
        "is-extglob": "1.0.0",
        "is-glob": "2.0.1"
      }
    },
    "path-parse": {
      "version": "1.0.6",
      "resolved": "https://registry.npmjs.org/path-parse/-/path-parse-1.0.6.tgz",
      "integrity": "sha512-GSmOT2EbHrINBf9SR7CDELwlJ8AENk3Qn7OikK4nFYAu3Ote2+JYNVvkpAEQm3/TLNEJFD/xZJjzyxg3KBWOzw==",
      "dev": true
    },
    "preserve": {
      "version": "0.2.0",
      "resolved": "https://registry.npmjs.org/preserve/-/preserve-0.2.0.tgz",
      "integrity": "sha1-gV7R9uvGWSb4ZbMQwHE7yzMVzks=",
      "dev": true
    },
    "punycode": {
      "version": "2.1.1",
      "resolved": "https://registry.npmjs.org/punycode/-/punycode-2.1.1.tgz",
      "integrity": "sha512-XRsRjdf+j5ml+y/6GKHPZbrF/8p2Yga0JPtdqTIY2Xe5ohJPD9saDJJLPvp9+NSBprVvevdXZybnj2cv8OEd0A=="
    },
    "randomatic": {
      "version": "3.0.0",
      "resolved": "https://registry.npmjs.org/randomatic/-/randomatic-3.0.0.tgz",
      "integrity": "sha512-VdxFOIEY3mNO5PtSRkkle/hPJDHvQhK21oa73K4yAc9qmp6N429gAyF1gZMOTMeS0/AYzaV/2Trcef+NaIonSA==",
      "dev": true,
      "requires": {
        "is-number": "4.0.0",
        "kind-of": "6.0.2",
        "math-random": "1.0.1"
      },
      "dependencies": {
        "is-number": {
          "version": "4.0.0",
          "resolved": "https://registry.npmjs.org/is-number/-/is-number-4.0.0.tgz",
          "integrity": "sha512-rSklcAIlf1OmFdyAqbnWTLVelsQ58uvZ66S/ZyawjWqIviTWCjg2PzVGw8WUA+nNuPTqb4wgA+NszrJ+08LlgQ==",
          "dev": true
        },
        "kind-of": {
          "version": "6.0.2",
          "resolved": "https://registry.npmjs.org/kind-of/-/kind-of-6.0.2.tgz",
          "integrity": "sha512-s5kLOcnH0XqDO+FvuaLX8DDjZ18CGFk7VygH40QoKPUQhW4e2rvM0rwUq0t8IQDOwYSeLK01U90OjzBTme2QqA==",
          "dev": true
        }
      }
    },
    "regex-cache": {
      "version": "0.4.4",
      "resolved": "https://registry.npmjs.org/regex-cache/-/regex-cache-0.4.4.tgz",
      "integrity": "sha512-nVIZwtCjkC9YgvWkpM55B5rBhBYRZhAaJbgcFYXXsHnbZ9UZI9nnVWYZpBlCqv9ho2eZryPnWrZGsOdPwVWXWQ==",
      "dev": true,
      "requires": {
        "is-equal-shallow": "0.1.3"
      }
    },
    "remove-trailing-separator": {
      "version": "1.1.0",
      "resolved": "https://registry.npmjs.org/remove-trailing-separator/-/remove-trailing-separator-1.1.0.tgz",
      "integrity": "sha1-wkvOKig62tW8P1jg1IJJuSN52O8=",
      "dev": true
    },
    "repeat-element": {
      "version": "1.1.2",
      "resolved": "https://registry.npmjs.org/repeat-element/-/repeat-element-1.1.2.tgz",
      "integrity": "sha1-7wiaF40Ug7quTZPrmLT55OEdmQo=",
      "dev": true
    },
    "repeat-string": {
      "version": "1.6.1",
      "resolved": "https://registry.npmjs.org/repeat-string/-/repeat-string-1.6.1.tgz",
      "integrity": "sha1-jcrkcOHIirwtYA//Sndihtp15jc=",
      "dev": true
    },
    "resolve": {
      "version": "1.8.1",
      "resolved": "https://registry.npmjs.org/resolve/-/resolve-1.8.1.tgz",
      "integrity": "sha512-AicPrAC7Qu1JxPCZ9ZgCZlY35QgFnNqc+0LtbRNxnVw4TXvjQ72wnuL9JQcEBgXkI9JM8MsT9kaQoHcpCRJOYA==",
      "dev": true,
      "requires": {
        "path-parse": "1.0.6"
      }
    },
    "rollup": {
      "version": "0.63.5",
      "resolved": "https://registry.npmjs.org/rollup/-/rollup-0.63.5.tgz",
      "integrity": "sha512-dFf8LpUNzIj3oE0vCvobX6rqOzHzLBoblyFp+3znPbjiSmSvOoK2kMKx+Fv9jYduG1rvcCfCveSgEaQHjWRF6g==",
      "dev": true,
      "requires": {
        "@types/estree": "0.0.39",
        "@types/node": "10.5.7"
      }
    },
    "rollup-plugin-commonjs": {
      "version": "9.1.4",
      "resolved": "https://registry.npmjs.org/rollup-plugin-commonjs/-/rollup-plugin-commonjs-9.1.4.tgz",
      "integrity": "sha512-dpPb6QxvEMG35Eat1yFbpVcuYWE33D2LZK8q2BlSWIBpjXiX2uaqCEMf9czqFChFsfewsA2c2eEoROTepEmyng==",
      "dev": true,
      "requires": {
        "estree-walker": "0.5.2",
        "magic-string": "0.22.5",
        "resolve": "1.8.1",
        "rollup-pluginutils": "2.3.1"
      }
    },
    "rollup-plugin-node-resolve": {
      "version": "3.3.0",
      "resolved": "https://registry.npmjs.org/rollup-plugin-node-resolve/-/rollup-plugin-node-resolve-3.3.0.tgz",
      "integrity": "sha512-9zHGr3oUJq6G+X0oRMYlzid9fXicBdiydhwGChdyeNRGPcN/majtegApRKHLR5drboUvEWU+QeUmGTyEZQs3WA==",
      "dev": true,
      "requires": {
        "builtin-modules": "2.0.0",
        "is-module": "1.0.0",
        "resolve": "1.8.1"
      }
    },
    "rollup-pluginutils": {
      "version": "2.3.1",
      "resolved": "https://registry.npmjs.org/rollup-pluginutils/-/rollup-pluginutils-2.3.1.tgz",
      "integrity": "sha512-JZS8aJMHEHhqmY2QVPMXwKP6lsD1ShkrcGYjhAIvqKKdXQyPHw/9NF0tl3On/xOJ4ACkxfeG7AF+chfCN1NpBg==",
      "dev": true,
      "requires": {
        "estree-walker": "0.5.2",
        "micromatch": "2.3.11"
      }
    },
    "rw": {
      "version": "1.3.3",
      "resolved": "https://registry.npmjs.org/rw/-/rw-1.3.3.tgz",
      "integrity": "sha1-P4Yt+pGrdmsUiF700BEkv9oHT7Q="
    },
    "safer-buffer": {
      "version": "2.1.2",
      "resolved": "https://registry.npmjs.org/safer-buffer/-/safer-buffer-2.1.2.tgz",
      "integrity": "sha512-YZo3K82SD7Riyi0E1EQPojLz7kpepnSQI9IyPbHHg1XXXevb5dJI7tpyN2ADxGcQbHG7vcyRHk0cbwqcQriUtg=="
    },
    "simpleheat": {
      "version": "0.4.0",
      "resolved": "https://registry.npmjs.org/simpleheat/-/simpleheat-0.4.0.tgz",
      "integrity": "sha1-4t6NRUj88aaWC2Nr+pOdBbzUmns="
    },
    "tslib": {
      "version": "1.9.0",
      "resolved": "https://registry.npmjs.org/tslib/-/tslib-1.9.0.tgz",
      "integrity": "sha512-f/qGG2tUkrISBlQZEjEqoZ3B2+npJjIf04H1wuAv9iA8i04Icp+61KRXxFdha22670NJopsZCIjhC3SnjPRKrQ=="
    },
    "uri-js": {
      "version": "4.2.2",
      "resolved": "https://registry.npmjs.org/uri-js/-/uri-js-4.2.2.tgz",
      "integrity": "sha512-KY9Frmirql91X2Qgjry0Wd4Y+YTdrdZheS8TFwvkbLWf/G5KNJDCh6pKL5OZctEW4+0Baa5idK2ZQuELRwPznQ==",
      "requires": {
        "punycode": "2.1.1"
      }
    },
    "vlq": {
      "version": "0.2.3",
      "resolved": "https://registry.npmjs.org/vlq/-/vlq-0.2.3.tgz",
      "integrity": "sha512-DRibZL6DsNhIgYQ+wNdWDL2SL3bKPlVrRiBqV5yuMm++op8W4kGFtaQfCs4KEJn0wBZcHVHJ3eoywX8983k1ow==",
      "dev": true
    }
  }
}
